// !$*UTF8*$!
{
	archiveVersion = 1;
	classes = {
	};
	objectVersion = 56;
	objects = {

/* Begin PBXBuildFile section */
		4001BDF12A78933700F611DA /* sacio.cpp in Sources */ = {isa = PBXBuildFile; fileRef = 4001BDEF2A78933700F611DA /* sacio.cpp */; };
		400A70A32A76420800A1BC49 /* main.cpp in Sources */ = {isa = PBXBuildFile; fileRef = 400A70A22A76420800A1BC49 /* main.cpp */; };
		4012FD072A777CCD00561DF3 /* evaluateModel.cpp in Sources */ = {isa = PBXBuildFile; fileRef = 4012FD052A777CCD00561DF3 /* evaluateModel.cpp */; };
/* End PBXBuildFile section */

/* Begin PBXCopyFilesBuildPhase section */
		400A709D2A76420800A1BC49 /* CopyFiles */ = {
			isa = PBXCopyFilesBuildPhase;
			buildActionMask = 2147483647;
			dstPath = /usr/share/man/man1/;
			dstSubfolderSpec = 0;
			files = (
			);
			runOnlyForDeploymentPostprocessing = 1;
		};
/* End PBXCopyFilesBuildPhase section */

/* Begin PBXFileReference section */
		4001BDEF2A78933700F611DA /* sacio.cpp */ = {isa = PBXFileReference; lastKnownFileType = sourcecode.cpp.cpp; path = sacio.cpp; sourceTree = "<group>"; };
		4001BDF02A78933700F611DA /* sacio.hpp */ = {isa = PBXFileReference; lastKnownFileType = sourcecode.cpp.h; path = sacio.hpp; sourceTree = "<group>"; };
		400A709F2A76420800A1BC49 /* SeismicTorch */ = {isa = PBXFileReference; explicitFileType = "compiled.mach-o.executable"; includeInIndex = 0; path = SeismicTorch; sourceTree = BUILT_PRODUCTS_DIR; };
		400A70A22A76420800A1BC49 /* main.cpp */ = {isa = PBXFileReference; lastKnownFileType = sourcecode.cpp.cpp; path = main.cpp; sourceTree = "<group>"; };
		4012FD052A777CCD00561DF3 /* evaluateModel.cpp */ = {isa = PBXFileReference; lastKnownFileType = sourcecode.cpp.cpp; path = evaluateModel.cpp; sourceTree = "<group>"; };
		4012FD062A777CCD00561DF3 /* evaluateModel.hpp */ = {isa = PBXFileReference; lastKnownFileType = sourcecode.cpp.h; path = evaluateModel.hpp; sourceTree = "<group>"; };
/* End PBXFileReference section */

/* Begin PBXFrameworksBuildPhase section */
		400A709C2A76420800A1BC49 /* Frameworks */ = {
			isa = PBXFrameworksBuildPhase;
			buildActionMask = 2147483647;
			files = (
			);
			runOnlyForDeploymentPostprocessing = 0;
		};
/* End PBXFrameworksBuildPhase section */

/* Begin PBXGroup section */
		400A70962A76420800A1BC49 = {
			isa = PBXGroup;
			children = (
				400A70A12A76420800A1BC49 /* SeismicTorch */,
				400A70A02A76420800A1BC49 /* Products */,
			);
			sourceTree = "<group>";
		};
		400A70A02A76420800A1BC49 /* Products */ = {
			isa = PBXGroup;
			children = (
				400A709F2A76420800A1BC49 /* SeismicTorch */,
			);
			name = Products;
			sourceTree = "<group>";
		};
		400A70A12A76420800A1BC49 /* SeismicTorch */ = {
			isa = PBXGroup;
			children = (
				400A70A22A76420800A1BC49 /* main.cpp */,
				4001BDEF2A78933700F611DA /* sacio.cpp */,
				4001BDF02A78933700F611DA /* sacio.hpp */,
				4012FD052A777CCD00561DF3 /* evaluateModel.cpp */,
				4012FD062A777CCD00561DF3 /* evaluateModel.hpp */,
			);
			path = SeismicTorch;
			sourceTree = "<group>";
		};
/* End PBXGroup section */

/* Begin PBXNativeTarget section */
		400A709E2A76420800A1BC49 /* SeismicTorch */ = {
			isa = PBXNativeTarget;
			buildConfigurationList = 400A70A62A76420800A1BC49 /* Build configuration list for PBXNativeTarget "SeismicTorch" */;
			buildPhases = (
				400A709B2A76420800A1BC49 /* Sources */,
				400A709C2A76420800A1BC49 /* Frameworks */,
				400A709D2A76420800A1BC49 /* CopyFiles */,
			);
			buildRules = (
			);
			dependencies = (
			);
			name = SeismicTorch;
			productName = SeismicTorch;
			productReference = 400A709F2A76420800A1BC49 /* SeismicTorch */;
			productType = "com.apple.product-type.tool";
		};
/* End PBXNativeTarget section */

/* Begin PBXProject section */
		400A70972A76420800A1BC49 /* Project object */ = {
			isa = PBXProject;
			attributes = {
				BuildIndependentTargetsInParallel = 1;
				LastUpgradeCheck = 1420;
				TargetAttributes = {
					400A709E2A76420800A1BC49 = {
						CreatedOnToolsVersion = 14.2;
					};
				};
			};
			buildConfigurationList = 400A709A2A76420800A1BC49 /* Build configuration list for PBXProject "SeismicTorch" */;
			compatibilityVersion = "Xcode 14.0";
			developmentRegion = en;
			hasScannedForEncodings = 0;
			knownRegions = (
				en,
				Base,
			);
			mainGroup = 400A70962A76420800A1BC49;
			productRefGroup = 400A70A02A76420800A1BC49 /* Products */;
			projectDirPath = "";
			projectRoot = "";
			targets = (
				400A709E2A76420800A1BC49 /* SeismicTorch */,
			);
		};
/* End PBXProject section */

/* Begin PBXSourcesBuildPhase section */
		400A709B2A76420800A1BC49 /* Sources */ = {
			isa = PBXSourcesBuildPhase;
			buildActionMask = 2147483647;
			files = (
				4012FD072A777CCD00561DF3 /* evaluateModel.cpp in Sources */,
				400A70A32A76420800A1BC49 /* main.cpp in Sources */,
				4001BDF12A78933700F611DA /* sacio.cpp in Sources */,
			);
			runOnlyForDeploymentPostprocessing = 0;
		};
/* End PBXSourcesBuildPhase section */

/* Begin XCBuildConfiguration section */
		400A70A42A76420800A1BC49 /* Debug */ = {
			isa = XCBuildConfiguration;
			buildSettings = {
				ALWAYS_SEARCH_USER_PATHS = NO;
				CLANG_ANALYZER_NONNULL = YES;
				CLANG_ANALYZER_NUMBER_OBJECT_CONVERSION = YES_AGGRESSIVE;
				CLANG_CXX_LANGUAGE_STANDARD = "gnu++20";
				CLANG_ENABLE_MODULES = YES;
				CLANG_ENABLE_OBJC_ARC = YES;
				CLANG_ENABLE_OBJC_WEAK = YES;
				CLANG_WARN_BLOCK_CAPTURE_AUTORELEASING = YES;
				CLANG_WARN_BOOL_CONVERSION = YES;
				CLANG_WARN_COMMA = YES;
				CLANG_WARN_CONSTANT_CONVERSION = YES;
				CLANG_WARN_DEPRECATED_OBJC_IMPLEMENTATIONS = YES;
				CLANG_WARN_DIRECT_OBJC_ISA_USAGE = YES_ERROR;
				CLANG_WARN_DOCUMENTATION_COMMENTS = YES;
				CLANG_WARN_EMPTY_BODY = YES;
				CLANG_WARN_ENUM_CONVERSION = YES;
				CLANG_WARN_INFINITE_RECURSION = YES;
				CLANG_WARN_INT_CONVERSION = YES;
				CLANG_WARN_NON_LITERAL_NULL_CONVERSION = YES;
				CLANG_WARN_OBJC_IMPLICIT_RETAIN_SELF = YES;
				CLANG_WARN_OBJC_LITERAL_CONVERSION = YES;
				CLANG_WARN_OBJC_ROOT_CLASS = YES_ERROR;
				CLANG_WARN_QUOTED_INCLUDE_IN_FRAMEWORK_HEADER = YES;
				CLANG_WARN_RANGE_LOOP_ANALYSIS = YES;
				CLANG_WARN_STRICT_PROTOTYPES = YES;
				CLANG_WARN_SUSPICIOUS_MOVE = YES;
				CLANG_WARN_UNGUARDED_AVAILABILITY = YES_AGGRESSIVE;
				CLANG_WARN_UNREACHABLE_CODE = YES;
				CLANG_WARN__DUPLICATE_METHOD_MATCH = YES;
				COPY_PHASE_STRIP = NO;
				DEBUG_INFORMATION_FORMAT = dwarf;
				ENABLE_STRICT_OBJC_MSGSEND = YES;
				ENABLE_TESTABILITY = YES;
				GCC_C_LANGUAGE_STANDARD = gnu11;
				GCC_DYNAMIC_NO_PIC = NO;
				GCC_NO_COMMON_BLOCKS = YES;
				GCC_OPTIMIZATION_LEVEL = 0;
				GCC_PREPROCESSOR_DEFINITIONS = (
					"DEBUG=1",
					"$(inherited)",
				);
				GCC_WARN_64_TO_32_BIT_CONVERSION = YES;
				GCC_WARN_ABOUT_RETURN_TYPE = YES_ERROR;
				GCC_WARN_UNDECLARED_SELECTOR = YES;
				GCC_WARN_UNINITIALIZED_AUTOS = YES_AGGRESSIVE;
				GCC_WARN_UNUSED_FUNCTION = YES;
				GCC_WARN_UNUSED_VARIABLE = YES;
				MACOSX_DEPLOYMENT_TARGET = 12.6;
				MTL_ENABLE_DEBUG_INFO = INCLUDE_SOURCE;
				MTL_FAST_MATH = YES;
				ONLY_ACTIVE_ARCH = YES;
				SDKROOT = macosx;
			};
			name = Debug;
		};
		400A70A52A76420800A1BC49 /* Release */ = {
			isa = XCBuildConfiguration;
			buildSettings = {
				ALWAYS_SEARCH_USER_PATHS = NO;
				CLANG_ANALYZER_NONNULL = YES;
				CLANG_ANALYZER_NUMBER_OBJECT_CONVERSION = YES_AGGRESSIVE;
				CLANG_CXX_LANGUAGE_STANDARD = "gnu++20";
				CLANG_ENABLE_MODULES = YES;
				CLANG_ENABLE_OBJC_ARC = YES;
				CLANG_ENABLE_OBJC_WEAK = YES;
				CLANG_WARN_BLOCK_CAPTURE_AUTORELEASING = YES;
				CLANG_WARN_BOOL_CONVERSION = YES;
				CLANG_WARN_COMMA = YES;
				CLANG_WARN_CONSTANT_CONVERSION = YES;
				CLANG_WARN_DEPRECATED_OBJC_IMPLEMENTATIONS = YES;
				CLANG_WARN_DIRECT_OBJC_ISA_USAGE = YES_ERROR;
				CLANG_WARN_DOCUMENTATION_COMMENTS = YES;
				CLANG_WARN_EMPTY_BODY = YES;
				CLANG_WARN_ENUM_CONVERSION = YES;
				CLANG_WARN_INFINITE_RECURSION = YES;
				CLANG_WARN_INT_CONVERSION = YES;
				CLANG_WARN_NON_LITERAL_NULL_CONVERSION = YES;
				CLANG_WARN_OBJC_IMPLICIT_RETAIN_SELF = YES;
				CLANG_WARN_OBJC_LITERAL_CONVERSION = YES;
				CLANG_WARN_OBJC_ROOT_CLASS = YES_ERROR;
				CLANG_WARN_QUOTED_INCLUDE_IN_FRAMEWORK_HEADER = YES;
				CLANG_WARN_RANGE_LOOP_ANALYSIS = YES;
				CLANG_WARN_STRICT_PROTOTYPES = YES;
				CLANG_WARN_SUSPICIOUS_MOVE = YES;
				CLANG_WARN_UNGUARDED_AVAILABILITY = YES_AGGRESSIVE;
				CLANG_WARN_UNREACHABLE_CODE = YES;
				CLANG_WARN__DUPLICATE_METHOD_MATCH = YES;
				COPY_PHASE_STRIP = NO;
				DEBUG_INFORMATION_FORMAT = "dwarf-with-dsym";
				ENABLE_NS_ASSERTIONS = NO;
				ENABLE_STRICT_OBJC_MSGSEND = YES;
				GCC_C_LANGUAGE_STANDARD = gnu11;
				GCC_NO_COMMON_BLOCKS = YES;
				GCC_WARN_64_TO_32_BIT_CONVERSION = YES;
				GCC_WARN_ABOUT_RETURN_TYPE = YES_ERROR;
				GCC_WARN_UNDECLARED_SELECTOR = YES;
				GCC_WARN_UNINITIALIZED_AUTOS = YES_AGGRESSIVE;
				GCC_WARN_UNUSED_FUNCTION = YES;
				GCC_WARN_UNUSED_VARIABLE = YES;
				MACOSX_DEPLOYMENT_TARGET = 12.6;
				MTL_ENABLE_DEBUG_INFO = NO;
				MTL_FAST_MATH = YES;
				SDKROOT = macosx;
			};
			name = Release;
		};
		400A70A72A76420800A1BC49 /* Debug */ = {
			isa = XCBuildConfiguration;
			buildSettings = {
				CODE_SIGN_STYLE = Automatic;
				HEADER_SEARCH_PATHS = /usr/local/lib/libtorch/include;
				LIBRARY_SEARCH_PATHS = /usr/local/lib/libtorch/lib;
				OTHER_LDFLAGS = (
					"-ltorch_cpu",
					"-ltorch",
					"-lc10",
				);
				PRODUCT_NAME = "$(TARGET_NAME)";
			};
			name = Debug;
		};
		400A70A82A76420800A1BC49 /* Release */ = {
			isa = XCBuildConfiguration;
			buildSettings = {
				CODE_SIGN_STYLE = Automatic;
				HEADER_SEARCH_PATHS = /usr/local/lib/libtorch/include;
				LIBRARY_SEARCH_PATHS = /usr/local/lib/libtorch/lib;
				OTHER_LDFLAGS = (
					"-ltorch_cpu",
					"-ltorch",
					"-lc10",
				);
				PRODUCT_NAME = "$(TARGET_NAME)";
			};
			name = Release;
		};
/* End XCBuildConfiguration section */

/* Begin XCConfigurationList section */
		400A709A2A76420800A1BC49 /* Build configuration list for PBXProject "SeismicTorch" */ = {
			isa = XCConfigurationList;
			buildConfigurations = (
				400A70A42A76420800A1BC49 /* Debug */,
				400A70A52A76420800A1BC49 /* Release */,
			);
			defaultConfigurationIsVisible = 0;
			defaultConfigurationName = Release;
		};
		400A70A62A76420800A1BC49 /* Build configuration list for PBXNativeTarget "SeismicTorch" */ = {
			isa = XCConfigurationList;
			buildConfigurations = (
				400A70A72A76420800A1BC49 /* Debug */,
				400A70A82A76420800A1BC49 /* Release */,
			);
			defaultConfigurationIsVisible = 0;
			defaultConfigurationName = Release;
		};
/* End XCConfigurationList section */
	};
	rootObject = 400A70972A76420800A1BC49 /* Project object */;
}
